PODS:
  - HaishinKit (1.1.8):
    - Logboard (~> 2.2.2)
  - Hue (5.0.0)
  - Loaf (0.7.0)
  - Logboard (2.2.2)

DEPENDENCIES:
  - HaishinKit (~> 1.1.8)
  - Hue (~> 5.0.0)
  - Loaf

SPEC REPOS:
  https://github.com/CocoaPods/Specs.git:
    - HaishinKit
    - Hue
    - Loaf
    - Logboard

SPEC CHECKSUMS:
  HaishinKit: c7995204dbd60e89d8545535c17e0e3f04247ec6
  Hue: c129cb67be7d093a82bbbc30ce8a96757bf6f37a
  Loaf: d69937cd00649f3fa260beb8b7aef0a1feb861ef
  Logboard: 0ab6bbd984ed032b3f0b615cef06779a73445c80

PODFILE CHECKSUM: c4266c06884b13d95b593f1f4658196bf12f6d30

COCOAPODS: 1.11.2
